
Microsoft Visual Studio Solution File, Format Version 12.00
# Visual Studio Version 17
VisualStudioVersion = 17.7.34202.233
MinimumVisualStudioVersion = 10.0.40219.1
Project("{FAE04EC0-301F-11D3-BF4B-00C04F79EFBC}") = "course_project", "course_project.csproj", "{460F9FF0-8F98-43E6-920B-7193202DA874}"
EndProject
Global
	GlobalSection(SolutionConfigurationPlatforms) = preSolution
		Debug|Any CPU = Debug|Any CPU
		Release|Any CPU = Release|Any CPU
	EndGlobalSection
	GlobalSection(ProjectConfigurationPlatforms) = postSolution
		{460F9FF0-8F98-43E6-920B-7193202DA874}.Debug|Any CPU.ActiveCfg = Debug|Any CPU
		{460F9FF0-8F98-43E6-920B-7193202DA874}.Debug|Any CPU.Build.0 = Debug|Any CPU
		{460F9FF0-8F98-43E6-920B-7193202DA874}.Release|Any CPU.ActiveCfg = Release|Any CPU
		{460F9FF0-8F98-43E6-920B-7193202DA874}.Release|Any CPU.Build.0 = Release|Any CPU
	EndGlobalSection
	GlobalSection(SolutionProperties) = preSolution
		HideSolutionNode = FALSE
	EndGlobalSection
	GlobalSection(ExtensibilityGlobals) = postSolution
		SolutionGuid = {13F6EF6D-2C9B-4741-BE93-97D2A8B07EC0}
	EndGlobalSection
EndGlobal
