
Microsoft Visual Studio Solution File, Format Version 12.00
# Visual Studio Version 17
VisualStudioVersion = 17.5.002.0
MinimumVisualStudioVersion = 10.0.40219.1
Project("{9A19103F-16F7-4668-BE54-9A1E7A4F7556}") = "course_project", "course_project.csproj", "{0857F49E-557C-4610-8703-D0987EA12F16}"
EndProject
Global
	GlobalSection(SolutionConfigurationPlatforms) = preSolution
		Debug|Any CPU = Debug|Any CPU
		Release|Any CPU = Release|Any CPU
	EndGlobalSection
	GlobalSection(ProjectConfigurationPlatforms) = postSolution
		{0857F49E-557C-4610-8703-D0987EA12F16}.Debug|Any CPU.ActiveCfg = Debug|Any CPU
		{0857F49E-557C-4610-8703-D0987EA12F16}.Debug|Any CPU.Build.0 = Debug|Any CPU
		{0857F49E-557C-4610-8703-D0987EA12F16}.Release|Any CPU.ActiveCfg = Release|Any CPU
		{0857F49E-557C-4610-8703-D0987EA12F16}.Release|Any CPU.Build.0 = Release|Any CPU
	EndGlobalSection
	GlobalSection(SolutionProperties) = preSolution
		HideSolutionNode = FALSE
	EndGlobalSection
	GlobalSection(ExtensibilityGlobals) = postSolution
		SolutionGuid = {145CF0F7-7608-4D94-8560-D87BF2C8889F}
	EndGlobalSection
EndGlobal
